// !$*UTF8*$!
{
	archiveVersion = 1;
	classes = {
	};
	objectVersion = 77;
	objects = {

/* Begin PBXBuildFile section */
		F544686C2E122A4F00CD74D2 /* Testing in Frameworks */ = {isa = PBXBuildFile; productRef = F544686B2E122A4F00CD74D2 /* Testing */; };
		F5D9051E2E11F74F00F9AF20 /* Testing in Frameworks */ = {isa = PBXBuildFile; productRef = F5D9051D2E11F74F00F9AF20 /* Testing */; };
		F5D905C92E120A6800F9AF20 /* DotEnv in Frameworks */ = {isa = PBXBuildFile; productRef = F5D905C82E120A6800F9AF20 /* DotEnv */; };
		F5D905CF2E121CFE00F9AF20 /* .env in Resources */ = {isa = PBXBuildFile; fileRef = F5D905C52E12099800F9AF20 /* .env */; };
		F5D905D02E121D0B00F9AF20 /* .env in Resources */ = {isa = PBXBuildFile; fileRef = F5D905C52E12099800F9AF20 /* .env */; };
/* End PBXBuildFile section */

/* Begin PBXContainerItemProxy section */
		F510359E2E11D01400117901 /* PBXContainerItemProxy */ = {
			isa = PBXContainerItemProxy;
			containerPortal = F51035862E11D01200117901 /* Project object */;
			proxyType = 1;
			remoteGlobalIDString = F510358D2E11D01200117901;
			remoteInfo = PapaTube;
		};
		F51035A82E11D01400117901 /* PBXContainerItemProxy */ = {
			isa = PBXContainerItemProxy;
			containerPortal = F51035862E11D01200117901 /* Project object */;
			proxyType = 1;
			remoteGlobalIDString = F510358D2E11D01200117901;
			remoteInfo = PapaTube;
		};
/* End PBXContainerItemProxy section */

/* Begin PBXFileReference section */
		F510358E2E11D01200117901 /* PapaTube.app */ = {isa = PBXFileReference; explicitFileType = wrapper.application; includeInIndex = 0; path = PapaTube.app; sourceTree = BUILT_PRODUCTS_DIR; };
		F510359D2E11D01400117901 /* PapaTubeTests.xctest */ = {isa = PBXFileReference; explicitFileType = wrapper.cfbundle; includeInIndex = 0; path = PapaTubeTests.xctest; sourceTree = BUILT_PRODUCTS_DIR; };
		F51035A72E11D01400117901 /* PapaTubeUITests.xctest */ = {isa = PBXFileReference; explicitFileType = wrapper.cfbundle; includeInIndex = 0; path = PapaTubeUITests.xctest; sourceTree = BUILT_PRODUCTS_DIR; };
		F5D905312E11F9AB00F9AF20 /* Testing.framework */ = {isa = PBXFileReference; lastKnownFileType = wrapper.framework; name = Testing.framework; path = Platforms/MacOSX.platform/Developer/Library/Frameworks/Testing.framework; sourceTree = DEVELOPER_DIR; };
		F5D9059B2E1207F900F9AF20 /* .gitignore */ = {isa = PBXFileReference; lastKnownFileType = text; path = .gitignore; sourceTree = "<group>"; };
		F5D9059D2E12094900F9AF20 /* .env.example */ = {isa = PBXFileReference; lastKnownFileType = sourcecode.swift; path = .env.example; sourceTree = "<group>"; };
		F5D905C52E12099800F9AF20 /* .env */ = {isa = PBXFileReference; lastKnownFileType = text; path = .env; sourceTree = "<group>"; };
/* End PBXFileReference section */

/* Begin PBXFileSystemSynchronizedBuildFileExceptionSet section */
		F51035C72E11ED3D00117901 /* Exceptions for "Tests" folder in "PapaTube" target */ = {
			isa = PBXFileSystemSynchronizedBuildFileExceptionSet;
			membershipExceptions = (
				UI/PapaTubeUITests.swift,
				UI/PapaTubeUITestsLaunchTests.swift,
				Unit/AppConfigTest.swift,
				Unit/PapaTubeTests.swift,
				Unit/VideoServiceTests.swift,
			);
			target = F510358D2E11D01200117901 /* PapaTube */;
		};
		F51035C82E11ED3D00117901 /* Exceptions for "Tests" folder in "PapaTubeTests" target */ = {
			isa = PBXFileSystemSynchronizedBuildFileExceptionSet;
			membershipExceptions = (
				Unit/AppConfigTest.swift,
				Unit/PapaTubeTests.swift,
				Unit/VideoServiceTests.swift,
			);
			target = F510359C2E11D01400117901 /* PapaTubeTests */;
		};
		F51035C92E11ED3D00117901 /* Exceptions for "Tests" folder in "PapaTubeUITests" target */ = {
			isa = PBXFileSystemSynchronizedBuildFileExceptionSet;
			membershipExceptions = (
				UI/PapaTubeUITests.swift,
				UI/PapaTubeUITestsLaunchTests.swift,
			);
			target = F51035A62E11D01400117901 /* PapaTubeUITests */;
		};
/* End PBXFileSystemSynchronizedBuildFileExceptionSet section */

/* Begin PBXFileSystemSynchronizedRootGroup section */
		F51035902E11D01200117901 /* Sources */ = {
			isa = PBXFileSystemSynchronizedRootGroup;
			path = Sources;
			sourceTree = "<group>";
		};
		F51035BA2E11EB4C00117901 /* Tests */ = {
			isa = PBXFileSystemSynchronizedRootGroup;
			exceptions = (
				F51035C72E11ED3D00117901 /* Exceptions for "Tests" folder in "PapaTube" target */,
				F51035C82E11ED3D00117901 /* Exceptions for "Tests" folder in "PapaTubeTests" target */,
				F51035C92E11ED3D00117901 /* Exceptions for "Tests" folder in "PapaTubeUITests" target */,
			);
			path = Tests;
			sourceTree = "<group>";
		};
/* End PBXFileSystemSynchronizedRootGroup section */

/* Begin PBXFrameworksBuildPhase section */
		F510358B2E11D01200117901 /* Frameworks */ = {
			isa = PBXFrameworksBuildPhase;
			buildActionMask = 2147483647;
			files = (
				F5D905C92E120A6800F9AF20 /* DotEnv in Frameworks */,
			);
			runOnlyForDeploymentPostprocessing = 0;
		};
		F510359A2E11D01400117901 /* Frameworks */ = {
			isa = PBXFrameworksBuildPhase;
			buildActionMask = 2147483647;
			files = (
				F5D9051E2E11F74F00F9AF20 /* Testing in Frameworks */,
			);
			runOnlyForDeploymentPostprocessing = 0;
		};
		F51035A42E11D01400117901 /* Frameworks */ = {
			isa = PBXFrameworksBuildPhase;
			buildActionMask = 2147483647;
			files = (
				F544686C2E122A4F00CD74D2 /* Testing in Frameworks */,
			);
			runOnlyForDeploymentPostprocessing = 0;
		};
/* End PBXFrameworksBuildPhase section */

/* Begin PBXGroup section */
		F51035852E11D01200117901 = {
			isa = PBXGroup;
			children = (
				F5D9059B2E1207F900F9AF20 /* .gitignore */,
				F5D9059D2E12094900F9AF20 /* .env.example */,
				F5D905C52E12099800F9AF20 /* .env */,
				F51035902E11D01200117901 /* Sources */,
				F51035BA2E11EB4C00117901 /* Tests */,
				F5D905302E11F9AB00F9AF20 /* Frameworks */,
				F510358F2E11D01200117901 /* Products */,
			);
			sourceTree = "<group>";
		};
		F510358F2E11D01200117901 /* Products */ = {
			isa = PBXGroup;
			children = (
				F510358E2E11D01200117901 /* PapaTube.app */,
				F510359D2E11D01400117901 /* PapaTubeTests.xctest */,
				F51035A72E11D01400117901 /* PapaTubeUITests.xctest */,
			);
			name = Products;
			sourceTree = "<group>";
		};
		F5D905302E11F9AB00F9AF20 /* Frameworks */ = {
			isa = PBXGroup;
			children = (
				F5D905312E11F9AB00F9AF20 /* Testing.framework */,
			);
			name = Frameworks;
			sourceTree = "<group>";
		};
/* End PBXGroup section */

/* Begin PBXNativeTarget section */
		F510358D2E11D01200117901 /* PapaTube */ = {
			isa = PBXNativeTarget;
			buildConfigurationList = F51035B12E11D01400117901 /* Build configuration list for PBXNativeTarget "PapaTube" */;
			buildPhases = (
				F510358A2E11D01200117901 /* Sources */,
				F510358B2E11D01200117901 /* Frameworks */,
				F510358C2E11D01200117901 /* Resources */,
			);
			buildRules = (
			);
			dependencies = (
			);
			fileSystemSynchronizedGroups = (
				F51035902E11D01200117901 /* Sources */,
				F51035BA2E11EB4C00117901 /* Tests */,
			);
			name = PapaTube;
			packageProductDependencies = (
				F5D905C82E120A6800F9AF20 /* DotEnv */,
			);
			productName = PapaTube;
			productReference = F510358E2E11D01200117901 /* PapaTube.app */;
			productType = "com.apple.product-type.application";
		};
		F510359C2E11D01400117901 /* PapaTubeTests */ = {
			isa = PBXNativeTarget;
			buildConfigurationList = F51035B42E11D01400117901 /* Build configuration list for PBXNativeTarget "PapaTubeTests" */;
			buildPhases = (
				F51035992E11D01400117901 /* Sources */,
				F510359A2E11D01400117901 /* Frameworks */,
				F510359B2E11D01400117901 /* Resources */,
			);
			buildRules = (
			);
			dependencies = (
				F510359F2E11D01400117901 /* PBXTargetDependency */,
			);
			name = PapaTubeTests;
			packageProductDependencies = (
				F5D9051D2E11F74F00F9AF20 /* Testing */,
			);
			productName = PapaTubeTests;
			productReference = F510359D2E11D01400117901 /* PapaTubeTests.xctest */;
			productType = "com.apple.product-type.bundle.unit-test";
		};
		F51035A62E11D01400117901 /* PapaTubeUITests */ = {
			isa = PBXNativeTarget;
			buildConfigurationList = F51035B72E11D01400117901 /* Build configuration list for PBXNativeTarget "PapaTubeUITests" */;
			buildPhases = (
				F51035A32E11D01400117901 /* Sources */,
				F51035A42E11D01400117901 /* Frameworks */,
				F51035A52E11D01400117901 /* Resources */,
			);
			buildRules = (
			);
			dependencies = (
				F51035A92E11D01400117901 /* PBXTargetDependency */,
			);
			name = PapaTubeUITests;
			packageProductDependencies = (
				F544686B2E122A4F00CD74D2 /* Testing */,
			);
			productName = PapaTubeUITests;
			productReference = F51035A72E11D01400117901 /* PapaTubeUITests.xctest */;
			productType = "com.apple.product-type.bundle.ui-testing";
		};
/* End PBXNativeTarget section */

/* Begin PBXProject section */
		F51035862E11D01200117901 /* Project object */ = {
			isa = PBXProject;
			attributes = {
				BuildIndependentTargetsInParallel = 1;
				LastSwiftUpdateCheck = 2600;
				LastUpgradeCheck = 2600;
				TargetAttributes = {
					F510358D2E11D01200117901 = {
						CreatedOnToolsVersion = 26.0;
					};
					F510359C2E11D01400117901 = {
						CreatedOnToolsVersion = 26.0;
						TestTargetID = F510358D2E11D01200117901;
					};
					F51035A62E11D01400117901 = {
						CreatedOnToolsVersion = 26.0;
						TestTargetID = F510358D2E11D01200117901;
					};
				};
			};
			buildConfigurationList = F51035892E11D01200117901 /* Build configuration list for PBXProject "PapaTube" */;
			developmentRegion = en;
			hasScannedForEncodings = 0;
			knownRegions = (
				en,
				Base,
			);
			mainGroup = F51035852E11D01200117901;
			minimizedProjectReferenceProxies = 1;
			packageReferences = (
				F5D9051C2E11F74F00F9AF20 /* XCRemoteSwiftPackageReference "swift-testing" */,
				F5D905C72E120A6800F9AF20 /* XCRemoteSwiftPackageReference "DotEnv" */,
			);
			preferredProjectObjectVersion = 77;
			productRefGroup = F510358F2E11D01200117901 /* Products */;
			projectDirPath = "";
			projectRoot = "";
			targets = (
				F510358D2E11D01200117901 /* PapaTube */,
				F510359C2E11D01400117901 /* PapaTubeTests */,
				F51035A62E11D01400117901 /* PapaTubeUITests */,
			);
		};
/* End PBXProject section */

/* Begin PBXResourcesBuildPhase section */
		F510358C2E11D01200117901 /* Resources */ = {
			isa = PBXResourcesBuildPhase;
			buildActionMask = 2147483647;
			files = (
				F5D905CF2E121CFE00F9AF20 /* .env in Resources */,
			);
			runOnlyForDeploymentPostprocessing = 0;
		};
		F510359B2E11D01400117901 /* Resources */ = {
			isa = PBXResourcesBuildPhase;
			buildActionMask = 2147483647;
			files = (
				F5D905D02E121D0B00F9AF20 /* .env in Resources */,
			);
			runOnlyForDeploymentPostprocessing = 0;
		};
		F51035A52E11D01400117901 /* Resources */ = {
			isa = PBXResourcesBuildPhase;
			buildActionMask = 2147483647;
			files = (
			);
			runOnlyForDeploymentPostprocessing = 0;
		};
/* End PBXResourcesBuildPhase section */

/* Begin PBXSourcesBuildPhase section */
		F510358A2E11D01200117901 /* Sources */ = {
			isa = PBXSourcesBuildPhase;
			buildActionMask = 2147483647;
			files = (
			);
			runOnlyForDeploymentPostprocessing = 0;
		};
		F51035992E11D01400117901 /* Sources */ = {
			isa = PBXSourcesBuildPhase;
			buildActionMask = 2147483647;
			files = (
			);
			runOnlyForDeploymentPostprocessing = 0;
		};
		F51035A32E11D01400117901 /* Sources */ = {
			isa = PBXSourcesBuildPhase;
			buildActionMask = 2147483647;
			files = (
			);
			runOnlyForDeploymentPostprocessing = 0;
		};
/* End PBXSourcesBuildPhase section */

/* Begin PBXTargetDependency section */
		F510359F2E11D01400117901 /* PBXTargetDependency */ = {
			isa = PBXTargetDependency;
			target = F510358D2E11D01200117901 /* PapaTube */;
			targetProxy = F510359E2E11D01400117901 /* PBXContainerItemProxy */;
		};
		F51035A92E11D01400117901 /* PBXTargetDependency */ = {
			isa = PBXTargetDependency;
			target = F510358D2E11D01200117901 /* PapaTube */;
			targetProxy = F51035A82E11D01400117901 /* PBXContainerItemProxy */;
		};
/* End PBXTargetDependency section */

/* Begin XCBuildConfiguration section */
		F51035AF2E11D01400117901 /* Debug */ = {
			isa = XCBuildConfiguration;
			buildSettings = {
				ALWAYS_SEARCH_USER_PATHS = NO;
				ASSETCATALOG_COMPILER_GENERATE_SWIFT_ASSET_SYMBOL_EXTENSIONS = YES;
				CLANG_ANALYZER_NONNULL = YES;
				CLANG_ANALYZER_NUMBER_OBJECT_CONVERSION = YES_AGGRESSIVE;
				CLANG_CXX_LANGUAGE_STANDARD = "gnu++20";
				CLANG_ENABLE_MODULES = YES;
				CLANG_ENABLE_OBJC_ARC = YES;
				CLANG_ENABLE_OBJC_WEAK = YES;
				CLANG_WARN_BLOCK_CAPTURE_AUTORELEASING = YES;
				CLANG_WARN_BOOL_CONVERSION = YES;
				CLANG_WARN_COMMA = YES;
				CLANG_WARN_CONSTANT_CONVERSION = YES;
				CLANG_WARN_DEPRECATED_OBJC_IMPLEMENTATIONS = YES;
				CLANG_WARN_DIRECT_OBJC_ISA_USAGE = YES_ERROR;
				CLANG_WARN_DOCUMENTATION_COMMENTS = YES;
				CLANG_WARN_EMPTY_BODY = YES;
				CLANG_WARN_ENUM_CONVERSION = YES;
				CLANG_WARN_INFINITE_RECURSION = YES;
				CLANG_WARN_INT_CONVERSION = YES;
				CLANG_WARN_NON_LITERAL_NULL_CONVERSION = YES;
				CLANG_WARN_OBJC_IMPLICIT_RETAIN_SELF = YES;
				CLANG_WARN_OBJC_LITERAL_CONVERSION = YES;
				CLANG_WARN_OBJC_ROOT_CLASS = YES_ERROR;
				CLANG_WARN_QUOTED_INCLUDE_IN_FRAMEWORK_HEADER = YES;
				CLANG_WARN_RANGE_LOOP_ANALYSIS = YES;
				CLANG_WARN_STRICT_PROTOTYPES = YES;
				CLANG_WARN_SUSPICIOUS_MOVE = YES;
				CLANG_WARN_UNGUARDED_AVAILABILITY = YES_AGGRESSIVE;
				CLANG_WARN_UNREACHABLE_CODE = YES;
				CLANG_WARN__DUPLICATE_METHOD_MATCH = YES;
				COPY_PHASE_STRIP = NO;
				DEBUG_INFORMATION_FORMAT = dwarf;
				DEVELOPMENT_TEAM = XL49FNMY3P;
				ENABLE_STRICT_OBJC_MSGSEND = YES;
				ENABLE_TESTABILITY = YES;
				ENABLE_USER_SCRIPT_SANDBOXING = YES;
				GCC_C_LANGUAGE_STANDARD = gnu17;
				GCC_DYNAMIC_NO_PIC = NO;
				GCC_NO_COMMON_BLOCKS = YES;
				GCC_OPTIMIZATION_LEVEL = 0;
				GCC_PREPROCESSOR_DEFINITIONS = (
					"DEBUG=1",
					"$(inherited)",
				);
				GCC_WARN_64_TO_32_BIT_CONVERSION = YES;
				GCC_WARN_ABOUT_RETURN_TYPE = YES_ERROR;
				GCC_WARN_UNDECLARED_SELECTOR = YES;
				GCC_WARN_UNINITIALIZED_AUTOS = YES_AGGRESSIVE;
				GCC_WARN_UNUSED_FUNCTION = YES;
				GCC_WARN_UNUSED_VARIABLE = YES;
				LOCALIZATION_PREFERS_STRING_CATALOGS = YES;
				MACOSX_DEPLOYMENT_TARGET = 26.0;
				MTL_ENABLE_DEBUG_INFO = INCLUDE_SOURCE;
				MTL_FAST_MATH = YES;
				ONLY_ACTIVE_ARCH = YES;
				SDKROOT = macosx;
				SWIFT_ACTIVE_COMPILATION_CONDITIONS = "DEBUG $(inherited)";
				SWIFT_OPTIMIZATION_LEVEL = "-Onone";
			};
			name = Debug;
		};
		F51035B02E11D01400117901 /* Release */ = {
			isa = XCBuildConfiguration;
			buildSettings = {
				ALWAYS_SEARCH_USER_PATHS = NO;
				ASSETCATALOG_COMPILER_GENERATE_SWIFT_ASSET_SYMBOL_EXTENSIONS = YES;
				CLANG_ANALYZER_NONNULL = YES;
				CLANG_ANALYZER_NUMBER_OBJECT_CONVERSION = YES_AGGRESSIVE;
				CLANG_CXX_LANGUAGE_STANDARD = "gnu++20";
				CLANG_ENABLE_MODULES = YES;
				CLANG_ENABLE_OBJC_ARC = YES;
				CLANG_ENABLE_OBJC_WEAK = YES;
				CLANG_WARN_BLOCK_CAPTURE_AUTORELEASING = YES;
				CLANG_WARN_BOOL_CONVERSION = YES;
				CLANG_WARN_COMMA = YES;
				CLANG_WARN_CONSTANT_CONVERSION = YES;
				CLANG_WARN_DEPRECATED_OBJC_IMPLEMENTATIONS = YES;
				CLANG_WARN_DIRECT_OBJC_ISA_USAGE = YES_ERROR;
				CLANG_WARN_DOCUMENTATION_COMMENTS = YES;
				CLANG_WARN_EMPTY_BODY = YES;
				CLANG_WARN_ENUM_CONVERSION = YES;
				CLANG_WARN_INFINITE_RECURSION = YES;
				CLANG_WARN_INT_CONVERSION = YES;
				CLANG_WARN_NON_LITERAL_NULL_CONVERSION = YES;
				CLANG_WARN_OBJC_IMPLICIT_RETAIN_SELF = YES;
				CLANG_WARN_OBJC_LITERAL_CONVERSION = YES;
				CLANG_WARN_OBJC_ROOT_CLASS = YES_ERROR;
				CLANG_WARN_QUOTED_INCLUDE_IN_FRAMEWORK_HEADER = YES;
				CLANG_WARN_RANGE_LOOP_ANALYSIS = YES;
				CLANG_WARN_STRICT_PROTOTYPES = YES;
				CLANG_WARN_SUSPICIOUS_MOVE = YES;
				CLANG_WARN_UNGUARDED_AVAILABILITY = YES_AGGRESSIVE;
				CLANG_WARN_UNREACHABLE_CODE = YES;
				CLANG_WARN__DUPLICATE_METHOD_MATCH = YES;
				COPY_PHASE_STRIP = NO;
				DEBUG_INFORMATION_FORMAT = "dwarf-with-dsym";
				DEVELOPMENT_TEAM = XL49FNMY3P;
				ENABLE_NS_ASSERTIONS = NO;
				ENABLE_STRICT_OBJC_MSGSEND = YES;
				ENABLE_USER_SCRIPT_SANDBOXING = YES;
				GCC_C_LANGUAGE_STANDARD = gnu17;
				GCC_NO_COMMON_BLOCKS = YES;
				GCC_WARN_64_TO_32_BIT_CONVERSION = YES;
				GCC_WARN_ABOUT_RETURN_TYPE = YES_ERROR;
				GCC_WARN_UNDECLARED_SELECTOR = YES;
				GCC_WARN_UNINITIALIZED_AUTOS = YES_AGGRESSIVE;
				GCC_WARN_UNUSED_FUNCTION = YES;
				GCC_WARN_UNUSED_VARIABLE = YES;
				LOCALIZATION_PREFERS_STRING_CATALOGS = YES;
				MACOSX_DEPLOYMENT_TARGET = 26.0;
				MTL_ENABLE_DEBUG_INFO = NO;
				MTL_FAST_MATH = YES;
				SDKROOT = macosx;
				SWIFT_COMPILATION_MODE = wholemodule;
			};
			name = Release;
		};
		F51035B22E11D01400117901 /* Debug */ = {
			isa = XCBuildConfiguration;
			buildSettings = {
				ASSETCATALOG_COMPILER_APPICON_NAME = AppIcon;
				ASSETCATALOG_COMPILER_GLOBAL_ACCENT_COLOR_NAME = AccentColor;
				CODE_SIGN_STYLE = Automatic;
				COMBINE_HIDPI_IMAGES = YES;
				CURRENT_PROJECT_VERSION = 1;
				DEVELOPMENT_TEAM = XL49FNMY3P;
				ENABLE_APP_SANDBOX = YES;
				ENABLE_HARDENED_RUNTIME = YES;
				ENABLE_PREVIEWS = YES;
				ENABLE_USER_SELECTED_FILES = readonly;
				GENERATE_INFOPLIST_FILE = YES;
				INFOPLIST_KEY_NSHumanReadableCopyright = "";
				LD_RUNPATH_SEARCH_PATHS = (
					"$(inherited)",
					"@executable_path/../Frameworks",
				);
				MACOSX_DEPLOYMENT_TARGET = 15.0;
				MARKETING_VERSION = 1.0;
				PRODUCT_BUNDLE_IDENTIFIER = farm.agent.PapaTube;
				PRODUCT_NAME = "$(TARGET_NAME)";
				REGISTER_APP_GROUPS = YES;
				STRING_CATALOG_GENERATE_SYMBOLS = YES;
				SWIFT_DEFAULT_ACTOR_ISOLATION = MainActor;
				SWIFT_EMIT_LOC_STRINGS = YES;
				SWIFT_UPCOMING_FEATURE_MEMBER_IMPORT_VISIBILITY = YES;
				SWIFT_VERSION = 5.0;
			};
			name = Debug;
		};
		F51035B32E11D01400117901 /* Release */ = {
			isa = XCBuildConfiguration;
			buildSettings = {
				ASSETCATALOG_COMPILER_APPICON_NAME = AppIcon;
				ASSETCATALOG_COMPILER_GLOBAL_ACCENT_COLOR_NAME = AccentColor;
				CODE_SIGN_STYLE = Automatic;
				COMBINE_HIDPI_IMAGES = YES;
				CURRENT_PROJECT_VERSION = 1;
				DEVELOPMENT_TEAM = XL49FNMY3P;
				ENABLE_APP_SANDBOX = YES;
				ENABLE_HARDENED_RUNTIME = YES;
				ENABLE_PREVIEWS = YES;
				ENABLE_USER_SELECTED_FILES = readonly;
				GENERATE_INFOPLIST_FILE = YES;
				INFOPLIST_KEY_NSHumanReadableCopyright = "";
				LD_RUNPATH_SEARCH_PATHS = (
					"$(inherited)",
					"@executable_path/../Frameworks",
				);
				MACOSX_DEPLOYMENT_TARGET = 15.0;
				MARKETING_VERSION = 1.0;
				PRODUCT_BUNDLE_IDENTIFIER = farm.agent.PapaTube;
				PRODUCT_NAME = "$(TARGET_NAME)";
				REGISTER_APP_GROUPS = YES;
				STRING_CATALOG_GENERATE_SYMBOLS = YES;
				SWIFT_DEFAULT_ACTOR_ISOLATION = MainActor;
				SWIFT_EMIT_LOC_STRINGS = YES;
				SWIFT_UPCOMING_FEATURE_MEMBER_IMPORT_VISIBILITY = YES;
				SWIFT_VERSION = 5.0;
			};
			name = Release;
		};
		F51035B52E11D01400117901 /* Debug */ = {
			isa = XCBuildConfiguration;
			buildSettings = {
				BUNDLE_LOADER = "$(TEST_HOST)";
				CODE_SIGN_STYLE = Automatic;
				CURRENT_PROJECT_VERSION = 1;
				DEVELOPMENT_TEAM = XL49FNMY3P;
				GENERATE_INFOPLIST_FILE = YES;
				MACOSX_DEPLOYMENT_TARGET = 15.0;
				MARKETING_VERSION = 1.0;
				PRODUCT_BUNDLE_IDENTIFIER = farm.agent.PapaTubeTests;
				PRODUCT_NAME = "$(TARGET_NAME)";
				STRING_CATALOG_GENERATE_SYMBOLS = NO;
				SWIFT_EMIT_LOC_STRINGS = NO;
				SWIFT_UPCOMING_FEATURE_MEMBER_IMPORT_VISIBILITY = YES;
				SWIFT_VERSION = 5.0;
				TEST_HOST = "$(BUILT_PRODUCTS_DIR)/PapaTube.app/$(BUNDLE_EXECUTABLE_FOLDER_PATH)/PapaTube";
			};
			name = Debug;
		};
		F51035B62E11D01400117901 /* Release */ = {
			isa = XCBuildConfiguration;
			buildSettings = {
				BUNDLE_LOADER = "$(TEST_HOST)";
				CODE_SIGN_STYLE = Automatic;
				CURRENT_PROJECT_VERSION = 1;
				DEVELOPMENT_TEAM = XL49FNMY3P;
				GENERATE_INFOPLIST_FILE = YES;
				MACOSX_DEPLOYMENT_TARGET = 15.0;
				MARKETING_VERSION = 1.0;
				PRODUCT_BUNDLE_IDENTIFIER = farm.agent.PapaTubeTests;
				PRODUCT_NAME = "$(TARGET_NAME)";
				STRING_CATALOG_GENERATE_SYMBOLS = NO;
				SWIFT_EMIT_LOC_STRINGS = NO;
				SWIFT_UPCOMING_FEATURE_MEMBER_IMPORT_VISIBILITY = YES;
				SWIFT_VERSION = 5.0;
				TEST_HOST = "$(BUILT_PRODUCTS_DIR)/PapaTube.app/$(BUNDLE_EXECUTABLE_FOLDER_PATH)/PapaTube";
			};
			name = Release;
		};
		F51035B82E11D01400117901 /* Debug */ = {
			isa = XCBuildConfiguration;
			buildSettings = {
				CODE_SIGN_STYLE = Automatic;
				CURRENT_PROJECT_VERSION = 1;
				DEVELOPMENT_TEAM = XL49FNMY3P;
				GENERATE_INFOPLIST_FILE = YES;
				MACOSX_DEPLOYMENT_TARGET = 15.0;
				MARKETING_VERSION = 1.0;
				PRODUCT_BUNDLE_IDENTIFIER = farm.agent.PapaTubeUITests;
				PRODUCT_NAME = "$(TARGET_NAME)";
				STRING_CATALOG_GENERATE_SYMBOLS = NO;
				SWIFT_EMIT_LOC_STRINGS = NO;
				SWIFT_UPCOMING_FEATURE_MEMBER_IMPORT_VISIBILITY = YES;
				SWIFT_VERSION = 5.0;
				TEST_TARGET_NAME = PapaTube;
			};
			name = Debug;
		};
		F51035B92E11D01400117901 /* Release */ = {
			isa = XCBuildConfiguration;
			buildSettings = {
				CODE_SIGN_STYLE = Automatic;
				CURRENT_PROJECT_VERSION = 1;
				DEVELOPMENT_TEAM = XL49FNMY3P;
				GENERATE_INFOPLIST_FILE = YES;
				MACOSX_DEPLOYMENT_TARGET = 15.0;
				MARKETING_VERSION = 1.0;
				PRODUCT_BUNDLE_IDENTIFIER = farm.agent.PapaTubeUITests;
				PRODUCT_NAME = "$(TARGET_NAME)";
				STRING_CATALOG_GENERATE_SYMBOLS = NO;
				SWIFT_EMIT_LOC_STRINGS = NO;
				SWIFT_UPCOMING_FEATURE_MEMBER_IMPORT_VISIBILITY = YES;
				SWIFT_VERSION = 5.0;
				TEST_TARGET_NAME = PapaTube;
			};
			name = Release;
		};
/* End XCBuildConfiguration section */

/* Begin XCConfigurationList section */
		F51035892E11D01200117901 /* Build configuration list for PBXProject "PapaTube" */ = {
			isa = XCConfigurationList;
			buildConfigurations = (
				F51035AF2E11D01400117901 /* Debug */,
				F51035B02E11D01400117901 /* Release */,
			);
			defaultConfigurationIsVisible = 0;
			defaultConfigurationName = Release;
		};
		F51035B12E11D01400117901 /* Build configuration list for PBXNativeTarget "PapaTube" */ = {
			isa = XCConfigurationList;
			buildConfigurations = (
				F51035B22E11D01400117901 /* Debug */,
				F51035B32E11D01400117901 /* Release */,
			);
			defaultConfigurationIsVisible = 0;
			defaultConfigurationName = Release;
		};
		F51035B42E11D01400117901 /* Build configuration list for PBXNativeTarget "PapaTubeTests" */ = {
			isa = XCConfigurationList;
			buildConfigurations = (
				F51035B52E11D01400117901 /* Debug */,
				F51035B62E11D01400117901 /* Release */,
			);
			defaultConfigurationIsVisible = 0;
			defaultConfigurationName = Release;
		};
		F51035B72E11D01400117901 /* Build configuration list for PBXNativeTarget "PapaTubeUITests" */ = {
			isa = XCConfigurationList;
			buildConfigurations = (
				F51035B82E11D01400117901 /* Debug */,
				F51035B92E11D01400117901 /* Release */,
			);
			defaultConfigurationIsVisible = 0;
			defaultConfigurationName = Release;
		};
/* End XCConfigurationList section */

/* Begin XCRemoteSwiftPackageReference section */
		F5D9051C2E11F74F00F9AF20 /* XCRemoteSwiftPackageReference "swift-testing" */ = {
			isa = XCRemoteSwiftPackageReference;
			repositoryURL = "https://github.com/apple/swift-testing.git";
			requirement = {
				kind = upToNextMajorVersion;
				minimumVersion = 6.1.1;
			};
		};
		F5D905C72E120A6800F9AF20 /* XCRemoteSwiftPackageReference "DotEnv" */ = {
			isa = XCRemoteSwiftPackageReference;
			repositoryURL = "https://github.com/swiftpackages/DotEnv.git";
			requirement = {
				branch = main;
				kind = branch;
			};
		};
/* End XCRemoteSwiftPackageReference section */

/* Begin XCSwiftPackageProductDependency section */
		F544686B2E122A4F00CD74D2 /* Testing */ = {
			isa = XCSwiftPackageProductDependency;
			package = F5D9051C2E11F74F00F9AF20 /* XCRemoteSwiftPackageReference "swift-testing" */;
			productName = Testing;
		};
		F5D9051D2E11F74F00F9AF20 /* Testing */ = {
			isa = XCSwiftPackageProductDependency;
			package = F5D9051C2E11F74F00F9AF20 /* XCRemoteSwiftPackageReference "swift-testing" */;
			productName = Testing;
		};
		F5D905C82E120A6800F9AF20 /* DotEnv */ = {
			isa = XCSwiftPackageProductDependency;
			package = F5D905C72E120A6800F9AF20 /* XCRemoteSwiftPackageReference "DotEnv" */;
			productName = DotEnv;
		};
/* End XCSwiftPackageProductDependency section */
	};
	rootObject = F51035862E11D01200117901 /* Project object */;
}
